// !$*UTF8*$!
{
	archiveVersion = 1;
	classes = {
	};
	objectVersion = 55;
	objects = {

/* Begin PBXBuildFile section */
		00C9009C7453FC85E94BF1C7 /* GroupsModuleRouter.swift in Sources */ = {isa = PBXBuildFile; fileRef = 308CC47DAE0575E5A6A74264 /* GroupsModuleRouter.swift */; };
		01544459E0EBC0830D21E947 /* AllGroupsModuleModuleInput.swift in Sources */ = {isa = PBXBuildFile; fileRef = C1AC504425FD1FF169881CFF /* AllGroupsModuleModuleInput.swift */; };
		045FE28B79595B0BC913EA24 /* TabBarModulePresenter.swift in Sources */ = {isa = PBXBuildFile; fileRef = 1D3F0E17C8514DA1425C0164 /* TabBarModulePresenter.swift */; };
		0AA6BCD0503511DEF2BA04DE /* FriendsModuleViewOutput.swift in Sources */ = {isa = PBXBuildFile; fileRef = E7B38D6751E50AFF2FAEE74B /* FriendsModuleViewOutput.swift */; };
		0AFFF940BD4AEBDDF43DE55D /* FriendsModuleViewInput.swift in Sources */ = {isa = PBXBuildFile; fileRef = D078942723A9C0FA8D76A432 /* FriendsModuleViewInput.swift */; };
		0BF62D67C28C4D9F8A5A257F /* FriendPhotosModuleViewOutput.swift in Sources */ = {isa = PBXBuildFile; fileRef = 6C7C253B2AF6D49F1936E66A /* FriendPhotosModuleViewOutput.swift */; };
		0C2E175B4F0BA910E1AAEAF6 /* AllGroupsModuleViewController.swift in Sources */ = {isa = PBXBuildFile; fileRef = 1C5291FB405F910AC97240FF /* AllGroupsModuleViewController.swift */; };
		108D7B707DEF7677C00015D6 /* FriendsModulePresenter.swift in Sources */ = {isa = PBXBuildFile; fileRef = 2A5334A6AFD1EBFE4DA64268 /* FriendsModulePresenter.swift */; };
		1473B9A69A6282A2CA4C74BA /* TabBarModuleModuleInput.swift in Sources */ = {isa = PBXBuildFile; fileRef = A87A3EC6EB34DC7392246DEC /* TabBarModuleModuleInput.swift */; };
		19115165C4346B3CB66DC545 /* FriendsModuleModule.swift in Sources */ = {isa = PBXBuildFile; fileRef = 2310CED4BB1DFF7680553986 /* FriendsModuleModule.swift */; };
		1A70A426008EA40242C2AB1F /* FriendsModuleRouter.swift in Sources */ = {isa = PBXBuildFile; fileRef = C798ED2C8448B06680CB6FF2 /* FriendsModuleRouter.swift */; };
		2220A062726B8CD1D6BA3CF9 /* GroupsModuleInteractor.swift in Sources */ = {isa = PBXBuildFile; fileRef = 3046DFF59CAFFAB143B46D4E /* GroupsModuleInteractor.swift */; };
		293477409C3CA4B15E4204F9 /* FriendsModuleInteractorOutput.swift in Sources */ = {isa = PBXBuildFile; fileRef = FCBAF80FDF88952159B2A917 /* FriendsModuleInteractorOutput.swift */; };
		3306C368357D49CB4119A9D3 /* GroupsModuleInteractorOutput.swift in Sources */ = {isa = PBXBuildFile; fileRef = B22BED1E6A5322189501342A /* GroupsModuleInteractorOutput.swift */; };
		3B99484DD4B4B7FF3004D311 /* AllGroupsModuleRouterInput.swift in Sources */ = {isa = PBXBuildFile; fileRef = 291082F3B75D3E69834C2245 /* AllGroupsModuleRouterInput.swift */; };
		4637CC85566CF6E14CA0753B /* AllGroupsModuleInteractorInput.swift in Sources */ = {isa = PBXBuildFile; fileRef = 2358EC303E7264662136DD1A /* AllGroupsModuleInteractorInput.swift */; };
		46809A4281E91616E637BEC0 /* FriendsModuleRouterInput.swift in Sources */ = {isa = PBXBuildFile; fileRef = 0DAC1F3964AEABF91E9CC5B3 /* FriendsModuleRouterInput.swift */; };
		46FEA4436DE9A382EB1B49C2 /* GroupsModulePresenter.swift in Sources */ = {isa = PBXBuildFile; fileRef = EEFCC9436A11C419F1749060 /* GroupsModulePresenter.swift */; };
		494C5FBB3735CFFC316D1628 /* FriendPhotosModuleViewInput.swift in Sources */ = {isa = PBXBuildFile; fileRef = CA688DC088AFA5F3CA642AB6 /* FriendPhotosModuleViewInput.swift */; };
		4A01C71F0919248AF6F6E61C /* AllGroupsModuleInteractor.swift in Sources */ = {isa = PBXBuildFile; fileRef = A3CE1EDED68A3EC608D22030 /* AllGroupsModuleInteractor.swift */; };
		4A4A4D4714ED41B3A6943B42 /* FriendPhotosModuleViewController.swift in Sources */ = {isa = PBXBuildFile; fileRef = AF451B74B27583D79C413969 /* FriendPhotosModuleViewController.swift */; };
		4EFA13B3E505B342533BD3B2 /* AllGroupsModuleRouter.swift in Sources */ = {isa = PBXBuildFile; fileRef = 618CE66C3A76825305885F0D /* AllGroupsModuleRouter.swift */; };
		507C884BF83FA2ECCB91251E /* GroupsModuleInteractorInput.swift in Sources */ = {isa = PBXBuildFile; fileRef = 498784906F786BFC5C084476 /* GroupsModuleInteractorInput.swift */; };
		55162874DC4C2F0BF3C4669F /* TabBarModule.storyboard in Resources */ = {isa = PBXBuildFile; fileRef = 02F69DCECF83FAB59C5F68FF /* TabBarModule.storyboard */; };
		63D064E1060348E54AE4153F /* TabBarModuleInteractor.swift in Sources */ = {isa = PBXBuildFile; fileRef = 94C609CBF9BC3374DFB4A237 /* TabBarModuleInteractor.swift */; };
		671BB716510B9C82383493EE /* AllGroupsModuleViewInput.swift in Sources */ = {isa = PBXBuildFile; fileRef = 682877D4698616695D3C7092 /* AllGroupsModuleViewInput.swift */; };
		6D8D2144F001CB22C0B53B9B /* FriendsModuleInteractor.swift in Sources */ = {isa = PBXBuildFile; fileRef = BD0B8D477D8602791E544A0B /* FriendsModuleInteractor.swift */; };
		756B21991702A47A523382AD /* TabBarModuleModule.swift in Sources */ = {isa = PBXBuildFile; fileRef = 85F3FF8C8BBC76853822C6D8 /* TabBarModuleModule.swift */; };
		77E8A91D590AB82D424EDBD5 /* AllGroupsModuleViewOutput.swift in Sources */ = {isa = PBXBuildFile; fileRef = 3E2B9DA56419556F7BF193D9 /* AllGroupsModuleViewOutput.swift */; };
		7B22DE8CAE48E37021711C2E /* FriendPhotosModuleModuleInput.swift in Sources */ = {isa = PBXBuildFile; fileRef = 769BD3FB67009E996EB6D4A4 /* FriendPhotosModuleModuleInput.swift */; };
		7B4F2A8863829181596E62CC /* FriendsModuleViewController.swift in Sources */ = {isa = PBXBuildFile; fileRef = 38390CB18292E2BD082BC1A7 /* FriendsModuleViewController.swift */; };
		7C3FA6D1832789D009BD71B7 /* FriendPhotosModuleInteractorInput.swift in Sources */ = {isa = PBXBuildFile; fileRef = B163C3F11774A17051961936 /* FriendPhotosModuleInteractorInput.swift */; };
		8A6478BBF13E11A7BD49116D /* Pods_MyVK.framework in Frameworks */ = {isa = PBXBuildFile; fileRef = AB820EEEFE6B84CA13355294 /* Pods_MyVK.framework */; };
		94CFFF077357B0C9F59B11CA /* FriendPhotosModuleInteractorOutput.swift in Sources */ = {isa = PBXBuildFile; fileRef = F6D7F7F3F8767D75A11658F0 /* FriendPhotosModuleInteractorOutput.swift */; };
		9649FBD0C5B4E183C88D24D1 /* AllGroupsModuleInteractorOutput.swift in Sources */ = {isa = PBXBuildFile; fileRef = 248B007D9DCB6C4C8C5897ED /* AllGroupsModuleInteractorOutput.swift */; };
		9651083AD67096909891C6B5 /* AllGroupsModulePresenter.swift in Sources */ = {isa = PBXBuildFile; fileRef = 4AD06F7BD639B84E191D11EE /* AllGroupsModulePresenter.swift */; };
		9E9855D0FA72F4A984824C05 /* AllGroupsModuleModule.swift in Sources */ = {isa = PBXBuildFile; fileRef = 66E5B215C4852E0EA7C7E241 /* AllGroupsModuleModule.swift */; };
		A0C31D4990408A8E81DDFD95 /* FriendPhotosModulePresenter.swift in Sources */ = {isa = PBXBuildFile; fileRef = 3C81B34F3BFF24716A38A7B1 /* FriendPhotosModulePresenter.swift */; };
		A2FE4DC700A55E6E824B9C86 /* FriendPhotosModuleRouter.swift in Sources */ = {isa = PBXBuildFile; fileRef = 5BE3B8DF80DB513BB9235010 /* FriendPhotosModuleRouter.swift */; };
		AEDA676C771A5903C511F425 /* FriendPhotosModuleInteractor.swift in Sources */ = {isa = PBXBuildFile; fileRef = C53036E87114DF718862E6D3 /* FriendPhotosModuleInteractor.swift */; };
		AF21BDA327A8126500534A7D /* AppDelegate.swift in Sources */ = {isa = PBXBuildFile; fileRef = AF21BDA227A8126500534A7D /* AppDelegate.swift */; };
		AF21BDA527A8126500534A7D /* SceneDelegate.swift in Sources */ = {isa = PBXBuildFile; fileRef = AF21BDA427A8126500534A7D /* SceneDelegate.swift */; };
		AF21BDAA27A8126500534A7D /* Main.storyboard in Resources */ = {isa = PBXBuildFile; fileRef = AF21BDA827A8126500534A7D /* Main.storyboard */; };
		AF21BDAC27A8126800534A7D /* Assets.xcassets in Resources */ = {isa = PBXBuildFile; fileRef = AF21BDAB27A8126800534A7D /* Assets.xcassets */; };
		AF21BDAF27A8126800534A7D /* LaunchScreen.storyboard in Resources */ = {isa = PBXBuildFile; fileRef = AF21BDAD27A8126800534A7D /* LaunchScreen.storyboard */; };
		AF21BDB727A8129800534A7D /* LoginFormController.swift in Sources */ = {isa = PBXBuildFile; fileRef = AF21BDB627A8129800534A7D /* LoginFormController.swift */; };
		AF399D4227BD07AF0007C33C /* APIManager.swift in Sources */ = {isa = PBXBuildFile; fileRef = AF399D4127BD07AF0007C33C /* APIManager.swift */; };
		AF3E5B5427A95D830077DFBE /* FriendsController.swift in Sources */ = {isa = PBXBuildFile; fileRef = AF3E5B5327A95D830077DFBE /* FriendsController.swift */; };
		AF3E5B5627A95DA80077DFBE /* FriendCell.swift in Sources */ = {isa = PBXBuildFile; fileRef = AF3E5B5527A95DA80077DFBE /* FriendCell.swift */; };
		AF3E5B5827A964CC0077DFBE /* UserGroupsController.swift in Sources */ = {isa = PBXBuildFile; fileRef = AF3E5B5727A964CC0077DFBE /* UserGroupsController.swift */; };
		AF3E5B5A27A964EC0077DFBE /* UserGroupCell.swift in Sources */ = {isa = PBXBuildFile; fileRef = AF3E5B5927A964EC0077DFBE /* UserGroupCell.swift */; };
		AF3E5B5C27A965080077DFBE /* AllGroupsCell.swift in Sources */ = {isa = PBXBuildFile; fileRef = AF3E5B5B27A965080077DFBE /* AllGroupsCell.swift */; };
		AF3E5B5E27A9651A0077DFBE /* AllGroupsController.swift in Sources */ = {isa = PBXBuildFile; fileRef = AF3E5B5D27A9651A0077DFBE /* AllGroupsController.swift */; };
		AF3E5B6027A965340077DFBE /* FriendPhotosController.swift in Sources */ = {isa = PBXBuildFile; fileRef = AF3E5B5F27A965340077DFBE /* FriendPhotosController.swift */; };
		AF3E5B6227A9654C0077DFBE /* FriendPhotosCell.swift in Sources */ = {isa = PBXBuildFile; fileRef = AF3E5B6127A9654C0077DFBE /* FriendPhotosCell.swift */; };
		AF8B5B2D27ABBF720004D387 /* User.swift in Sources */ = {isa = PBXBuildFile; fileRef = AF8B5B2C27ABBF720004D387 /* User.swift */; };
		AF8B5B2F27ABBF7D0004D387 /* Photo.swift in Sources */ = {isa = PBXBuildFile; fileRef = AF8B5B2E27ABBF7D0004D387 /* Photo.swift */; };
		AF8B5B3127ABBF9A0004D387 /* Group.swift in Sources */ = {isa = PBXBuildFile; fileRef = AF8B5B3027ABBF9A0004D387 /* Group.swift */; };
		AF8CCEA427AA74C3004F631E /* VKService.swift in Sources */ = {isa = PBXBuildFile; fileRef = AF8CCEA327AA74C3004F631E /* VKService.swift */; };
		AF98348E27C8F16D004C15C6 /* FriendsTableViewCell.swift in Sources */ = {isa = PBXBuildFile; fileRef = AF98348D27C8F16D004C15C6 /* FriendsTableViewCell.swift */; };
		AF99CDDA27CE131000526A01 /* TabBarModuleViewInput.swift in Sources */ = {isa = PBXBuildFile; fileRef = AF99CDD927CE131000526A01 /* TabBarModuleViewInput.swift */; };
		AF99CDDD27CFA4B500526A01 /* ImageLabelTableViewCell.swift in Sources */ = {isa = PBXBuildFile; fileRef = AF99CDDC27CFA4B500526A01 /* ImageLabelTableViewCell.swift */; };
		AF99CDDF27CFA5E500526A01 /* GroupsTableViewCell.swift in Sources */ = {isa = PBXBuildFile; fileRef = AF99CDDE27CFA5E500526A01 /* GroupsTableViewCell.swift */; };
		AF99CDE127CFBF1900526A01 /* AllGroupsTableViewCell.swift in Sources */ = {isa = PBXBuildFile; fileRef = AF99CDE027CFBF1900526A01 /* AllGroupsTableViewCell.swift */; };
		AF99CDE327CFC51A00526A01 /* GroupsModuleRouterInput.swift in Sources */ = {isa = PBXBuildFile; fileRef = AF99CDE227CFC51A00526A01 /* GroupsModuleRouterInput.swift */; };
		AF99CDE527CFCF1600526A01 /* PhotosCollectionViewCell.swift in Sources */ = {isa = PBXBuildFile; fileRef = AF99CDE427CFCF1600526A01 /* PhotosCollectionViewCell.swift */; };
		AFA3BBFB27BBD33000EDF6E1 /* NewsfeedCodeCell.swift in Sources */ = {isa = PBXBuildFile; fileRef = AFA3BBFA27BBD33000EDF6E1 /* NewsfeedCodeCell.swift */; };
		AFA94F1D27BA7C080034D133 /* GoogleService-Info.plist in Resources */ = {isa = PBXBuildFile; fileRef = AFA94F1C27BA7C070034D133 /* GoogleService-Info.plist */; };
		AFC4F11727B3F0AA0064B1B4 /* CachedImageView.swift in Sources */ = {isa = PBXBuildFile; fileRef = AFC4F11627B3F0A90064B1B4 /* CachedImageView.swift */; };
		AFE7FAE627B519C3001D4169 /* News.swift in Sources */ = {isa = PBXBuildFile; fileRef = AFE7FAE527B519C3001D4169 /* News.swift */; };
		AFE7FAE927B5203A001D4169 /* NewsfeedController.swift in Sources */ = {isa = PBXBuildFile; fileRef = AFE7FAE827B5203A001D4169 /* NewsfeedController.swift */; };
		AFE7FAEB27B520A0001D4169 /* NewsfeedCell.swift in Sources */ = {isa = PBXBuildFile; fileRef = AFE7FAEA27B520A0001D4169 /* NewsfeedCell.swift */; };
		B15E02527BF5DBCC2A85CA67 /* GroupsModuleModule.swift in Sources */ = {isa = PBXBuildFile; fileRef = 260210859E8A2E997A8D1DD4 /* GroupsModuleModule.swift */; };
		B5D7691DA4F1032BA4765D4A /* GroupsModuleViewController.swift in Sources */ = {isa = PBXBuildFile; fileRef = 5E7C1B29933837EAD69F3D31 /* GroupsModuleViewController.swift */; };
		BA2DAB06D96C811FF6720212 /* AllGroupsModuleModuleOutput.swift in Sources */ = {isa = PBXBuildFile; fileRef = 3E0D07F74E61914B26E9963F /* AllGroupsModuleModuleOutput.swift */; };
		BAD3F619818C938C0DDA2432 /* TabBarModuleRouter.swift in Sources */ = {isa = PBXBuildFile; fileRef = 7DA64F467B1747609626B8D3 /* TabBarModuleRouter.swift */; };
		C570819F1142BA90487DB7E2 /* TabBarModuleViewController.swift in Sources */ = {isa = PBXBuildFile; fileRef = DC96E9EB069767476150DC01 /* TabBarModuleViewController.swift */; };
		D3929A4BCDBE3FE847843B53 /* GroupsModuleViewOutput.swift in Sources */ = {isa = PBXBuildFile; fileRef = C1595377F82393FEE783DC45 /* GroupsModuleViewOutput.swift */; };
		E6CA5972A137D09F7FAD84A2 /* FriendsModuleModuleInput.swift in Sources */ = {isa = PBXBuildFile; fileRef = 6381A6B1824CF01CF4106DDB /* FriendsModuleModuleInput.swift */; };
		EC4176945F0D538013DAB8A4 /* FriendsModuleInteractorInput.swift in Sources */ = {isa = PBXBuildFile; fileRef = 4A6AB69A0F3BC93D3BDBDA88 /* FriendsModuleInteractorInput.swift */; };
		F032D347DEC86962CCE60B84 /* FriendPhotosModuleRouterInput.swift in Sources */ = {isa = PBXBuildFile; fileRef = 210209B9708452324C507C60 /* FriendPhotosModuleRouterInput.swift */; };
		F9B57F71375A1B293AEF763C /* GroupsModuleViewInput.swift in Sources */ = {isa = PBXBuildFile; fileRef = 396AF163C1552412E7D9FD23 /* GroupsModuleViewInput.swift */; };
		FBEF9D0E06B1265A9D83DD68 /* FriendPhotosModuleModule.swift in Sources */ = {isa = PBXBuildFile; fileRef = F0C93F71185CB6CC60EEE969 /* FriendPhotosModuleModule.swift */; };
/* End PBXBuildFile section */

/* Begin PBXFileReference section */
		02F69DCECF83FAB59C5F68FF /* TabBarModule.storyboard */ = {isa = PBXFileReference; includeInIndex = 1; lastKnownFileType = file.storyboard; path = TabBarModule.storyboard; sourceTree = "<group>"; };
		0DAC1F3964AEABF91E9CC5B3 /* FriendsModuleRouterInput.swift */ = {isa = PBXFileReference; includeInIndex = 1; lastKnownFileType = sourcecode.swift; path = FriendsModuleRouterInput.swift; sourceTree = "<group>"; };
		1C5291FB405F910AC97240FF /* AllGroupsModuleViewController.swift */ = {isa = PBXFileReference; includeInIndex = 1; lastKnownFileType = sourcecode.swift; path = AllGroupsModuleViewController.swift; sourceTree = "<group>"; };
		1D3F0E17C8514DA1425C0164 /* TabBarModulePresenter.swift */ = {isa = PBXFileReference; includeInIndex = 1; lastKnownFileType = sourcecode.swift; path = TabBarModulePresenter.swift; sourceTree = "<group>"; };
		210209B9708452324C507C60 /* FriendPhotosModuleRouterInput.swift */ = {isa = PBXFileReference; includeInIndex = 1; lastKnownFileType = sourcecode.swift; path = FriendPhotosModuleRouterInput.swift; sourceTree = "<group>"; };
		22152619D46EAEE3E57439B7 /* Pods-MyVK.debug.xcconfig */ = {isa = PBXFileReference; includeInIndex = 1; lastKnownFileType = text.xcconfig; name = "Pods-MyVK.debug.xcconfig"; path = "Target Support Files/Pods-MyVK/Pods-MyVK.debug.xcconfig"; sourceTree = "<group>"; };
		2310CED4BB1DFF7680553986 /* FriendsModuleModule.swift */ = {isa = PBXFileReference; includeInIndex = 1; lastKnownFileType = sourcecode.swift; path = FriendsModuleModule.swift; sourceTree = "<group>"; };
		2358EC303E7264662136DD1A /* AllGroupsModuleInteractorInput.swift */ = {isa = PBXFileReference; includeInIndex = 1; lastKnownFileType = sourcecode.swift; path = AllGroupsModuleInteractorInput.swift; sourceTree = "<group>"; };
		248B007D9DCB6C4C8C5897ED /* AllGroupsModuleInteractorOutput.swift */ = {isa = PBXFileReference; includeInIndex = 1; lastKnownFileType = sourcecode.swift; path = AllGroupsModuleInteractorOutput.swift; sourceTree = "<group>"; };
		260210859E8A2E997A8D1DD4 /* GroupsModuleModule.swift */ = {isa = PBXFileReference; includeInIndex = 1; lastKnownFileType = sourcecode.swift; path = GroupsModuleModule.swift; sourceTree = "<group>"; };
		291082F3B75D3E69834C2245 /* AllGroupsModuleRouterInput.swift */ = {isa = PBXFileReference; includeInIndex = 1; lastKnownFileType = sourcecode.swift; path = AllGroupsModuleRouterInput.swift; sourceTree = "<group>"; };
		2A5334A6AFD1EBFE4DA64268 /* FriendsModulePresenter.swift */ = {isa = PBXFileReference; includeInIndex = 1; lastKnownFileType = sourcecode.swift; path = FriendsModulePresenter.swift; sourceTree = "<group>"; };
		3046DFF59CAFFAB143B46D4E /* GroupsModuleInteractor.swift */ = {isa = PBXFileReference; includeInIndex = 1; lastKnownFileType = sourcecode.swift; path = GroupsModuleInteractor.swift; sourceTree = "<group>"; };
		308CC47DAE0575E5A6A74264 /* GroupsModuleRouter.swift */ = {isa = PBXFileReference; includeInIndex = 1; lastKnownFileType = sourcecode.swift; path = GroupsModuleRouter.swift; sourceTree = "<group>"; };
		38390CB18292E2BD082BC1A7 /* FriendsModuleViewController.swift */ = {isa = PBXFileReference; includeInIndex = 1; lastKnownFileType = sourcecode.swift; path = FriendsModuleViewController.swift; sourceTree = "<group>"; };
		396AF163C1552412E7D9FD23 /* GroupsModuleViewInput.swift */ = {isa = PBXFileReference; includeInIndex = 1; lastKnownFileType = sourcecode.swift; path = GroupsModuleViewInput.swift; sourceTree = "<group>"; };
		3C81B34F3BFF24716A38A7B1 /* FriendPhotosModulePresenter.swift */ = {isa = PBXFileReference; includeInIndex = 1; lastKnownFileType = sourcecode.swift; path = FriendPhotosModulePresenter.swift; sourceTree = "<group>"; };
		3E0D07F74E61914B26E9963F /* AllGroupsModuleModuleOutput.swift */ = {isa = PBXFileReference; includeInIndex = 1; lastKnownFileType = sourcecode.swift; path = AllGroupsModuleModuleOutput.swift; sourceTree = "<group>"; };
		3E2B9DA56419556F7BF193D9 /* AllGroupsModuleViewOutput.swift */ = {isa = PBXFileReference; includeInIndex = 1; lastKnownFileType = sourcecode.swift; path = AllGroupsModuleViewOutput.swift; sourceTree = "<group>"; };
		498784906F786BFC5C084476 /* GroupsModuleInteractorInput.swift */ = {isa = PBXFileReference; includeInIndex = 1; lastKnownFileType = sourcecode.swift; path = GroupsModuleInteractorInput.swift; sourceTree = "<group>"; };
		4A6AB69A0F3BC93D3BDBDA88 /* FriendsModuleInteractorInput.swift */ = {isa = PBXFileReference; includeInIndex = 1; lastKnownFileType = sourcecode.swift; path = FriendsModuleInteractorInput.swift; sourceTree = "<group>"; };
		4AD06F7BD639B84E191D11EE /* AllGroupsModulePresenter.swift */ = {isa = PBXFileReference; includeInIndex = 1; lastKnownFileType = sourcecode.swift; path = AllGroupsModulePresenter.swift; sourceTree = "<group>"; };
		5BE3B8DF80DB513BB9235010 /* FriendPhotosModuleRouter.swift */ = {isa = PBXFileReference; includeInIndex = 1; lastKnownFileType = sourcecode.swift; path = FriendPhotosModuleRouter.swift; sourceTree = "<group>"; };
		5E7C1B29933837EAD69F3D31 /* GroupsModuleViewController.swift */ = {isa = PBXFileReference; includeInIndex = 1; lastKnownFileType = sourcecode.swift; path = GroupsModuleViewController.swift; sourceTree = "<group>"; };
		618CE66C3A76825305885F0D /* AllGroupsModuleRouter.swift */ = {isa = PBXFileReference; includeInIndex = 1; lastKnownFileType = sourcecode.swift; path = AllGroupsModuleRouter.swift; sourceTree = "<group>"; };
		6381A6B1824CF01CF4106DDB /* FriendsModuleModuleInput.swift */ = {isa = PBXFileReference; includeInIndex = 1; lastKnownFileType = sourcecode.swift; path = FriendsModuleModuleInput.swift; sourceTree = "<group>"; };
		66E5B215C4852E0EA7C7E241 /* AllGroupsModuleModule.swift */ = {isa = PBXFileReference; includeInIndex = 1; lastKnownFileType = sourcecode.swift; path = AllGroupsModuleModule.swift; sourceTree = "<group>"; };
		682877D4698616695D3C7092 /* AllGroupsModuleViewInput.swift */ = {isa = PBXFileReference; includeInIndex = 1; lastKnownFileType = sourcecode.swift; path = AllGroupsModuleViewInput.swift; sourceTree = "<group>"; };
		6C7C253B2AF6D49F1936E66A /* FriendPhotosModuleViewOutput.swift */ = {isa = PBXFileReference; includeInIndex = 1; lastKnownFileType = sourcecode.swift; path = FriendPhotosModuleViewOutput.swift; sourceTree = "<group>"; };
		769BD3FB67009E996EB6D4A4 /* FriendPhotosModuleModuleInput.swift */ = {isa = PBXFileReference; includeInIndex = 1; lastKnownFileType = sourcecode.swift; path = FriendPhotosModuleModuleInput.swift; sourceTree = "<group>"; };
		7DA64F467B1747609626B8D3 /* TabBarModuleRouter.swift */ = {isa = PBXFileReference; includeInIndex = 1; lastKnownFileType = sourcecode.swift; path = TabBarModuleRouter.swift; sourceTree = "<group>"; };
		85F3FF8C8BBC76853822C6D8 /* TabBarModuleModule.swift */ = {isa = PBXFileReference; includeInIndex = 1; lastKnownFileType = sourcecode.swift; path = TabBarModuleModule.swift; sourceTree = "<group>"; };
		935E5FDCFE82B65D7985F7FD /* Pods-MyVK.release.xcconfig */ = {isa = PBXFileReference; includeInIndex = 1; lastKnownFileType = text.xcconfig; name = "Pods-MyVK.release.xcconfig"; path = "Target Support Files/Pods-MyVK/Pods-MyVK.release.xcconfig"; sourceTree = "<group>"; };
		94C609CBF9BC3374DFB4A237 /* TabBarModuleInteractor.swift */ = {isa = PBXFileReference; includeInIndex = 1; lastKnownFileType = sourcecode.swift; path = TabBarModuleInteractor.swift; sourceTree = "<group>"; };
		A3CE1EDED68A3EC608D22030 /* AllGroupsModuleInteractor.swift */ = {isa = PBXFileReference; includeInIndex = 1; lastKnownFileType = sourcecode.swift; path = AllGroupsModuleInteractor.swift; sourceTree = "<group>"; };
		A87A3EC6EB34DC7392246DEC /* TabBarModuleModuleInput.swift */ = {isa = PBXFileReference; includeInIndex = 1; lastKnownFileType = sourcecode.swift; path = TabBarModuleModuleInput.swift; sourceTree = "<group>"; };
		AB820EEEFE6B84CA13355294 /* Pods_MyVK.framework */ = {isa = PBXFileReference; explicitFileType = wrapper.framework; includeInIndex = 0; path = Pods_MyVK.framework; sourceTree = BUILT_PRODUCTS_DIR; };
		AF21BD9F27A8126500534A7D /* MyVK.app */ = {isa = PBXFileReference; explicitFileType = wrapper.application; includeInIndex = 0; path = MyVK.app; sourceTree = BUILT_PRODUCTS_DIR; };
		AF21BDA227A8126500534A7D /* AppDelegate.swift */ = {isa = PBXFileReference; lastKnownFileType = sourcecode.swift; path = AppDelegate.swift; sourceTree = "<group>"; };
		AF21BDA427A8126500534A7D /* SceneDelegate.swift */ = {isa = PBXFileReference; lastKnownFileType = sourcecode.swift; path = SceneDelegate.swift; sourceTree = "<group>"; };
		AF21BDA927A8126500534A7D /* Base */ = {isa = PBXFileReference; lastKnownFileType = file.storyboard; name = Base; path = Base.lproj/Main.storyboard; sourceTree = "<group>"; };
		AF21BDAB27A8126800534A7D /* Assets.xcassets */ = {isa = PBXFileReference; lastKnownFileType = folder.assetcatalog; path = Assets.xcassets; sourceTree = "<group>"; };
		AF21BDAE27A8126800534A7D /* Base */ = {isa = PBXFileReference; lastKnownFileType = file.storyboard; name = Base; path = Base.lproj/LaunchScreen.storyboard; sourceTree = "<group>"; };
		AF21BDB027A8126800534A7D /* Info.plist */ = {isa = PBXFileReference; lastKnownFileType = text.plist.xml; path = Info.plist; sourceTree = "<group>"; };
		AF21BDB627A8129800534A7D /* LoginFormController.swift */ = {isa = PBXFileReference; lastKnownFileType = sourcecode.swift; path = LoginFormController.swift; sourceTree = "<group>"; };
		AF399D4127BD07AF0007C33C /* APIManager.swift */ = {isa = PBXFileReference; lastKnownFileType = sourcecode.swift; path = APIManager.swift; sourceTree = "<group>"; };
		AF3E5B5327A95D830077DFBE /* FriendsController.swift */ = {isa = PBXFileReference; lastKnownFileType = sourcecode.swift; path = FriendsController.swift; sourceTree = "<group>"; };
		AF3E5B5527A95DA80077DFBE /* FriendCell.swift */ = {isa = PBXFileReference; lastKnownFileType = sourcecode.swift; path = FriendCell.swift; sourceTree = "<group>"; };
		AF3E5B5727A964CC0077DFBE /* UserGroupsController.swift */ = {isa = PBXFileReference; lastKnownFileType = sourcecode.swift; path = UserGroupsController.swift; sourceTree = "<group>"; };
		AF3E5B5927A964EC0077DFBE /* UserGroupCell.swift */ = {isa = PBXFileReference; lastKnownFileType = sourcecode.swift; path = UserGroupCell.swift; sourceTree = "<group>"; };
		AF3E5B5B27A965080077DFBE /* AllGroupsCell.swift */ = {isa = PBXFileReference; lastKnownFileType = sourcecode.swift; path = AllGroupsCell.swift; sourceTree = "<group>"; };
		AF3E5B5D27A9651A0077DFBE /* AllGroupsController.swift */ = {isa = PBXFileReference; lastKnownFileType = sourcecode.swift; path = AllGroupsController.swift; sourceTree = "<group>"; };
		AF3E5B5F27A965340077DFBE /* FriendPhotosController.swift */ = {isa = PBXFileReference; lastKnownFileType = sourcecode.swift; path = FriendPhotosController.swift; sourceTree = "<group>"; };
		AF3E5B6127A9654C0077DFBE /* FriendPhotosCell.swift */ = {isa = PBXFileReference; lastKnownFileType = sourcecode.swift; path = FriendPhotosCell.swift; sourceTree = "<group>"; };
		AF451B74B27583D79C413969 /* FriendPhotosModuleViewController.swift */ = {isa = PBXFileReference; includeInIndex = 1; lastKnownFileType = sourcecode.swift; path = FriendPhotosModuleViewController.swift; sourceTree = "<group>"; };
		AF8B5B2C27ABBF720004D387 /* User.swift */ = {isa = PBXFileReference; lastKnownFileType = sourcecode.swift; path = User.swift; sourceTree = "<group>"; };
		AF8B5B2E27ABBF7D0004D387 /* Photo.swift */ = {isa = PBXFileReference; lastKnownFileType = sourcecode.swift; path = Photo.swift; sourceTree = "<group>"; };
		AF8B5B3027ABBF9A0004D387 /* Group.swift */ = {isa = PBXFileReference; lastKnownFileType = sourcecode.swift; path = Group.swift; sourceTree = "<group>"; };
		AF8CCEA327AA74C3004F631E /* VKService.swift */ = {isa = PBXFileReference; lastKnownFileType = sourcecode.swift; path = VKService.swift; sourceTree = "<group>"; };
		AF98348D27C8F16D004C15C6 /* FriendsTableViewCell.swift */ = {isa = PBXFileReference; lastKnownFileType = sourcecode.swift; path = FriendsTableViewCell.swift; sourceTree = "<group>"; };
		AF99CDD927CE131000526A01 /* TabBarModuleViewInput.swift */ = {isa = PBXFileReference; lastKnownFileType = sourcecode.swift; path = TabBarModuleViewInput.swift; sourceTree = "<group>"; };
		AF99CDDC27CFA4B500526A01 /* ImageLabelTableViewCell.swift */ = {isa = PBXFileReference; lastKnownFileType = sourcecode.swift; path = ImageLabelTableViewCell.swift; sourceTree = "<group>"; };
		AF99CDDE27CFA5E500526A01 /* GroupsTableViewCell.swift */ = {isa = PBXFileReference; lastKnownFileType = sourcecode.swift; path = GroupsTableViewCell.swift; sourceTree = "<group>"; };
		AF99CDE027CFBF1900526A01 /* AllGroupsTableViewCell.swift */ = {isa = PBXFileReference; lastKnownFileType = sourcecode.swift; path = AllGroupsTableViewCell.swift; sourceTree = "<group>"; };
		AF99CDE227CFC51A00526A01 /* GroupsModuleRouterInput.swift */ = {isa = PBXFileReference; lastKnownFileType = sourcecode.swift; path = GroupsModuleRouterInput.swift; sourceTree = "<group>"; };
		AF99CDE427CFCF1600526A01 /* PhotosCollectionViewCell.swift */ = {isa = PBXFileReference; lastKnownFileType = sourcecode.swift; path = PhotosCollectionViewCell.swift; sourceTree = "<group>"; };
		AFA3BBFA27BBD33000EDF6E1 /* NewsfeedCodeCell.swift */ = {isa = PBXFileReference; lastKnownFileType = sourcecode.swift; path = NewsfeedCodeCell.swift; sourceTree = "<group>"; };
		AFA94F1C27BA7C070034D133 /* GoogleService-Info.plist */ = {isa = PBXFileReference; fileEncoding = 4; lastKnownFileType = text.plist.xml; path = "GoogleService-Info.plist"; sourceTree = "<group>"; };
		AFC4F11627B3F0A90064B1B4 /* CachedImageView.swift */ = {isa = PBXFileReference; fileEncoding = 4; lastKnownFileType = sourcecode.swift; path = CachedImageView.swift; sourceTree = "<group>"; };
		AFE7FAE527B519C3001D4169 /* News.swift */ = {isa = PBXFileReference; lastKnownFileType = sourcecode.swift; path = News.swift; sourceTree = "<group>"; };
		AFE7FAE827B5203A001D4169 /* NewsfeedController.swift */ = {isa = PBXFileReference; lastKnownFileType = sourcecode.swift; path = NewsfeedController.swift; sourceTree = "<group>"; };
		AFE7FAEA27B520A0001D4169 /* NewsfeedCell.swift */ = {isa = PBXFileReference; lastKnownFileType = sourcecode.swift; path = NewsfeedCell.swift; sourceTree = "<group>"; };
		B163C3F11774A17051961936 /* FriendPhotosModuleInteractorInput.swift */ = {isa = PBXFileReference; includeInIndex = 1; lastKnownFileType = sourcecode.swift; path = FriendPhotosModuleInteractorInput.swift; sourceTree = "<group>"; };
		B22BED1E6A5322189501342A /* GroupsModuleInteractorOutput.swift */ = {isa = PBXFileReference; includeInIndex = 1; lastKnownFileType = sourcecode.swift; path = GroupsModuleInteractorOutput.swift; sourceTree = "<group>"; };
		BD0B8D477D8602791E544A0B /* FriendsModuleInteractor.swift */ = {isa = PBXFileReference; includeInIndex = 1; lastKnownFileType = sourcecode.swift; path = FriendsModuleInteractor.swift; sourceTree = "<group>"; };
		C1595377F82393FEE783DC45 /* GroupsModuleViewOutput.swift */ = {isa = PBXFileReference; includeInIndex = 1; lastKnownFileType = sourcecode.swift; path = GroupsModuleViewOutput.swift; sourceTree = "<group>"; };
		C1AC504425FD1FF169881CFF /* AllGroupsModuleModuleInput.swift */ = {isa = PBXFileReference; includeInIndex = 1; lastKnownFileType = sourcecode.swift; path = AllGroupsModuleModuleInput.swift; sourceTree = "<group>"; };
		C53036E87114DF718862E6D3 /* FriendPhotosModuleInteractor.swift */ = {isa = PBXFileReference; includeInIndex = 1; lastKnownFileType = sourcecode.swift; path = FriendPhotosModuleInteractor.swift; sourceTree = "<group>"; };
		C798ED2C8448B06680CB6FF2 /* FriendsModuleRouter.swift */ = {isa = PBXFileReference; includeInIndex = 1; lastKnownFileType = sourcecode.swift; path = FriendsModuleRouter.swift; sourceTree = "<group>"; };
		CA688DC088AFA5F3CA642AB6 /* FriendPhotosModuleViewInput.swift */ = {isa = PBXFileReference; includeInIndex = 1; lastKnownFileType = sourcecode.swift; path = FriendPhotosModuleViewInput.swift; sourceTree = "<group>"; };
		D078942723A9C0FA8D76A432 /* FriendsModuleViewInput.swift */ = {isa = PBXFileReference; includeInIndex = 1; lastKnownFileType = sourcecode.swift; path = FriendsModuleViewInput.swift; sourceTree = "<group>"; };
		DC96E9EB069767476150DC01 /* TabBarModuleViewController.swift */ = {isa = PBXFileReference; includeInIndex = 1; lastKnownFileType = sourcecode.swift; path = TabBarModuleViewController.swift; sourceTree = "<group>"; };
		E7B38D6751E50AFF2FAEE74B /* FriendsModuleViewOutput.swift */ = {isa = PBXFileReference; includeInIndex = 1; lastKnownFileType = sourcecode.swift; path = FriendsModuleViewOutput.swift; sourceTree = "<group>"; };
		EEFCC9436A11C419F1749060 /* GroupsModulePresenter.swift */ = {isa = PBXFileReference; includeInIndex = 1; lastKnownFileType = sourcecode.swift; path = GroupsModulePresenter.swift; sourceTree = "<group>"; };
		F0C93F71185CB6CC60EEE969 /* FriendPhotosModuleModule.swift */ = {isa = PBXFileReference; includeInIndex = 1; lastKnownFileType = sourcecode.swift; path = FriendPhotosModuleModule.swift; sourceTree = "<group>"; };
		F6D7F7F3F8767D75A11658F0 /* FriendPhotosModuleInteractorOutput.swift */ = {isa = PBXFileReference; includeInIndex = 1; lastKnownFileType = sourcecode.swift; path = FriendPhotosModuleInteractorOutput.swift; sourceTree = "<group>"; };
		FCBAF80FDF88952159B2A917 /* FriendsModuleInteractorOutput.swift */ = {isa = PBXFileReference; includeInIndex = 1; lastKnownFileType = sourcecode.swift; path = FriendsModuleInteractorOutput.swift; sourceTree = "<group>"; };
/* End PBXFileReference section */

/* Begin PBXFrameworksBuildPhase section */
		AF21BD9C27A8126500534A7D /* Frameworks */ = {
			isa = PBXFrameworksBuildPhase;
			buildActionMask = 2147483647;
			files = (
				8A6478BBF13E11A7BD49116D /* Pods_MyVK.framework in Frameworks */,
			);
			runOnlyForDeploymentPostprocessing = 0;
		};
/* End PBXFrameworksBuildPhase section */

/* Begin PBXGroup section */
		080FA4B03B9A24D9330363E5 /* TabBarModule */ = {
			isa = PBXGroup;
			children = (
				D77EAF075543EB278634130C /* View */,
				AAF2287FBDE1206C0C51D2AA /* Presenter */,
				C28F43A235A78D8B0988A0AD /* Interactor */,
				E6273238DD745E7B5E77BDCB /* Router */,
				20ECDBBD18DFE34A9B780AB7 /* Module */,
			);
			path = TabBarModule;
			sourceTree = "<group>";
		};
		0DF195407CF77C2EF441CC09 /* Interactor */ = {
			isa = PBXGroup;
			children = (
				B163C3F11774A17051961936 /* FriendPhotosModuleInteractorInput.swift */,
				F6D7F7F3F8767D75A11658F0 /* FriendPhotosModuleInteractorOutput.swift */,
				C53036E87114DF718862E6D3 /* FriendPhotosModuleInteractor.swift */,
			);
			path = Interactor;
			sourceTree = "<group>";
		};
		20ECDBBD18DFE34A9B780AB7 /* Module */ = {
			isa = PBXGroup;
			children = (
				A87A3EC6EB34DC7392246DEC /* TabBarModuleModuleInput.swift */,
				85F3FF8C8BBC76853822C6D8 /* TabBarModuleModule.swift */,
			);
			path = Module;
			sourceTree = "<group>";
		};
		2D65FD4ADB7F44E6285747F3 /* FriendsModule */ = {
			isa = PBXGroup;
			children = (
				43D76CC4A43ABF1401FB46DC /* View */,
				A6A5752B518C6B1B97A1732A /* Presenter */,
				719EB2471B12D91122F08F2C /* Interactor */,
				3CBEE20D18A2BEDD8ACC0883 /* Router */,
				8144548913B56E74426B164C /* Module */,
			);
			path = FriendsModule;
			sourceTree = "<group>";
		};
		3049430CA2AA5AE6247CA840 /* Router */ = {
			isa = PBXGroup;
			children = (
				308CC47DAE0575E5A6A74264 /* GroupsModuleRouter.swift */,
				AF99CDE227CFC51A00526A01 /* GroupsModuleRouterInput.swift */,
			);
			path = Router;
			sourceTree = "<group>";
		};
		3CBEE20D18A2BEDD8ACC0883 /* Router */ = {
			isa = PBXGroup;
			children = (
				0DAC1F3964AEABF91E9CC5B3 /* FriendsModuleRouterInput.swift */,
				C798ED2C8448B06680CB6FF2 /* FriendsModuleRouter.swift */,
			);
			path = Router;
			sourceTree = "<group>";
		};
		43D76CC4A43ABF1401FB46DC /* View */ = {
			isa = PBXGroup;
			children = (
				AF99CDE827CFDA9600526A01 /* Views */,
				D078942723A9C0FA8D76A432 /* FriendsModuleViewInput.swift */,
				E7B38D6751E50AFF2FAEE74B /* FriendsModuleViewOutput.swift */,
				38390CB18292E2BD082BC1A7 /* FriendsModuleViewController.swift */,
			);
			path = View;
			sourceTree = "<group>";
		};
		52DAA7D50668A0EA41872059 /* Pods */ = {
			isa = PBXGroup;
			children = (
				22152619D46EAEE3E57439B7 /* Pods-MyVK.debug.xcconfig */,
				935E5FDCFE82B65D7985F7FD /* Pods-MyVK.release.xcconfig */,
			);
			path = Pods;
			sourceTree = "<group>";
		};
		58120AE95ABE2DD5F7CED6D3 /* Router */ = {
			isa = PBXGroup;
			children = (
				210209B9708452324C507C60 /* FriendPhotosModuleRouterInput.swift */,
				5BE3B8DF80DB513BB9235010 /* FriendPhotosModuleRouter.swift */,
			);
			path = Router;
			sourceTree = "<group>";
		};
		6D4635D5AFF8E8F6F1FDAB43 /* Module */ = {
			isa = PBXGroup;
			children = (
				769BD3FB67009E996EB6D4A4 /* FriendPhotosModuleModuleInput.swift */,
				F0C93F71185CB6CC60EEE969 /* FriendPhotosModuleModule.swift */,
			);
			path = Module;
			sourceTree = "<group>";
		};
		719EB2471B12D91122F08F2C /* Interactor */ = {
			isa = PBXGroup;
			children = (
				4A6AB69A0F3BC93D3BDBDA88 /* FriendsModuleInteractorInput.swift */,
				FCBAF80FDF88952159B2A917 /* FriendsModuleInteractorOutput.swift */,
				BD0B8D477D8602791E544A0B /* FriendsModuleInteractor.swift */,
			);
			path = Interactor;
			sourceTree = "<group>";
		};
		73A655A34CEB8017E9CB402F /* Module */ = {
			isa = PBXGroup;
			children = (
				C1AC504425FD1FF169881CFF /* AllGroupsModuleModuleInput.swift */,
				3E0D07F74E61914B26E9963F /* AllGroupsModuleModuleOutput.swift */,
				66E5B215C4852E0EA7C7E241 /* AllGroupsModuleModule.swift */,
			);
			path = Module;
			sourceTree = "<group>";
		};
		79391875D62135F1D260E1B2 /* GroupsModule */ = {
			isa = PBXGroup;
			children = (
				FFCB779DD8CD6677BCDECBB4 /* View */,
				88350D838162F60E4A9AE2FF /* Presenter */,
				BF0AFD0B58EC00B572C7003C /* Interactor */,
				3049430CA2AA5AE6247CA840 /* Router */,
				B8442AB183F5FF37AEA2EA72 /* Module */,
			);
			path = GroupsModule;
			sourceTree = "<group>";
		};
		8144548913B56E74426B164C /* Module */ = {
			isa = PBXGroup;
			children = (
				6381A6B1824CF01CF4106DDB /* FriendsModuleModuleInput.swift */,
				2310CED4BB1DFF7680553986 /* FriendsModuleModule.swift */,
			);
			path = Module;
			sourceTree = "<group>";
		};
		88350D838162F60E4A9AE2FF /* Presenter */ = {
			isa = PBXGroup;
			children = (
				EEFCC9436A11C419F1749060 /* GroupsModulePresenter.swift */,
			);
			path = Presenter;
			sourceTree = "<group>";
		};
		8CB33CDC473313E820E79CCA /* Router */ = {
			isa = PBXGroup;
			children = (
				291082F3B75D3E69834C2245 /* AllGroupsModuleRouterInput.swift */,
				618CE66C3A76825305885F0D /* AllGroupsModuleRouter.swift */,
			);
			path = Router;
			sourceTree = "<group>";
		};
		9F5F7EE278D563331882F975 /* View */ = {
			isa = PBXGroup;
			children = (
				AF99CDEA27CFDADF00526A01 /* Views */,
				682877D4698616695D3C7092 /* AllGroupsModuleViewInput.swift */,
				3E2B9DA56419556F7BF193D9 /* AllGroupsModuleViewOutput.swift */,
				1C5291FB405F910AC97240FF /* AllGroupsModuleViewController.swift */,
			);
			path = View;
			sourceTree = "<group>";
		};
		A4E784C39414BBD389128D88 /* Frameworks */ = {
			isa = PBXGroup;
			children = (
				AB820EEEFE6B84CA13355294 /* Pods_MyVK.framework */,
			);
			name = Frameworks;
			sourceTree = "<group>";
		};
		A6A5752B518C6B1B97A1732A /* Presenter */ = {
			isa = PBXGroup;
			children = (
				2A5334A6AFD1EBFE4DA64268 /* FriendsModulePresenter.swift */,
			);
			path = Presenter;
			sourceTree = "<group>";
		};
		AAF2287FBDE1206C0C51D2AA /* Presenter */ = {
			isa = PBXGroup;
			children = (
				1D3F0E17C8514DA1425C0164 /* TabBarModulePresenter.swift */,
			);
			path = Presenter;
			sourceTree = "<group>";
		};
		AB3D41710734EAA1897A9CE4 /* FriendPhotosModule */ = {
			isa = PBXGroup;
			children = (
				F0B8B8E9096478817910B34C /* View */,
				ABA1FBC6AE431D0FC804D1F8 /* Presenter */,
				0DF195407CF77C2EF441CC09 /* Interactor */,
				58120AE95ABE2DD5F7CED6D3 /* Router */,
				6D4635D5AFF8E8F6F1FDAB43 /* Module */,
			);
			path = FriendPhotosModule;
			sourceTree = "<group>";
		};
		ABA1FBC6AE431D0FC804D1F8 /* Presenter */ = {
			isa = PBXGroup;
			children = (
				3C81B34F3BFF24716A38A7B1 /* FriendPhotosModulePresenter.swift */,
			);
			path = Presenter;
			sourceTree = "<group>";
		};
		AF21BD9627A8126500534A7D = {
			isa = PBXGroup;
			children = (
				AF21BDA127A8126500534A7D /* MyVK */,
				AF21BDA027A8126500534A7D /* Products */,
				52DAA7D50668A0EA41872059 /* Pods */,
				A4E784C39414BBD389128D88 /* Frameworks */,
			);
			sourceTree = "<group>";
		};
		AF21BDA027A8126500534A7D /* Products */ = {
			isa = PBXGroup;
			children = (
				AF21BD9F27A8126500534A7D /* MyVK.app */,
			);
			name = Products;
			sourceTree = "<group>";
		};
		AF21BDA127A8126500534A7D /* MyVK */ = {
			isa = PBXGroup;
			children = (
				AFA94F1C27BA7C070034D133 /* GoogleService-Info.plist */,
				AFE7FAE727B52013001D4169 /* Newsfeed */,
				AF8B5B2B27ABBF5F0004D387 /* Model */,
				AF8CCEA227AA74A8004F631E /* Services */,
				AF3E5B5227A95CF90077DFBE /* AllGroups */,
				AF3E5B5127A95CDE0077DFBE /* UserGroups */,
				AF3E5B5027A95CC60077DFBE /* Photos */,
				AF3E5B4F27A92F190077DFBE /* Friends */,
				AF21BDB627A8129800534A7D /* LoginFormController.swift */,
				AF21BDA227A8126500534A7D /* AppDelegate.swift */,
				AF21BDA427A8126500534A7D /* SceneDelegate.swift */,
				AF21BDA827A8126500534A7D /* Main.storyboard */,
				AF21BDAB27A8126800534A7D /* Assets.xcassets */,
				AF21BDAD27A8126800534A7D /* LaunchScreen.storyboard */,
				AF21BDB027A8126800534A7D /* Info.plist */,
				AF99CDDB27CFA46A00526A01 /* CommonViews */,
				080FA4B03B9A24D9330363E5 /* TabBarModule */,
				2D65FD4ADB7F44E6285747F3 /* FriendsModule */,
				AB3D41710734EAA1897A9CE4 /* FriendPhotosModule */,
				79391875D62135F1D260E1B2 /* GroupsModule */,
				F81CEE25B30F492EB7374382 /* AllGroupsModule */,
			);
			path = MyVK;
			sourceTree = "<group>";
		};
		AF3E5B4F27A92F190077DFBE /* Friends */ = {
			isa = PBXGroup;
			children = (
				AFC4F11627B3F0A90064B1B4 /* CachedImageView.swift */,
				AF3E5B5327A95D830077DFBE /* FriendsController.swift */,
				AF3E5B5527A95DA80077DFBE /* FriendCell.swift */,
			);
			path = Friends;
			sourceTree = "<group>";
		};
		AF3E5B5027A95CC60077DFBE /* Photos */ = {
			isa = PBXGroup;
			children = (
				AF3E5B5F27A965340077DFBE /* FriendPhotosController.swift */,
				AF3E5B6127A9654C0077DFBE /* FriendPhotosCell.swift */,
			);
			path = Photos;
			sourceTree = "<group>";
		};
		AF3E5B5127A95CDE0077DFBE /* UserGroups */ = {
			isa = PBXGroup;
			children = (
				AF3E5B5727A964CC0077DFBE /* UserGroupsController.swift */,
				AF3E5B5927A964EC0077DFBE /* UserGroupCell.swift */,
			);
			path = UserGroups;
			sourceTree = "<group>";
		};
		AF3E5B5227A95CF90077DFBE /* AllGroups */ = {
			isa = PBXGroup;
			children = (
				AF3E5B5B27A965080077DFBE /* AllGroupsCell.swift */,
				AF3E5B5D27A9651A0077DFBE /* AllGroupsController.swift */,
			);
			path = AllGroups;
			sourceTree = "<group>";
		};
		AF8B5B2B27ABBF5F0004D387 /* Model */ = {
			isa = PBXGroup;
			children = (
				AF8B5B2C27ABBF720004D387 /* User.swift */,
				AF8B5B2E27ABBF7D0004D387 /* Photo.swift */,
				AF8B5B3027ABBF9A0004D387 /* Group.swift */,
				AFE7FAE527B519C3001D4169 /* News.swift */,
			);
			path = Model;
			sourceTree = "<group>";
		};
		AF8CCEA227AA74A8004F631E /* Services */ = {
			isa = PBXGroup;
			children = (
				AF8CCEA327AA74C3004F631E /* VKService.swift */,
				AF399D4127BD07AF0007C33C /* APIManager.swift */,
			);
			path = Services;
			sourceTree = "<group>";
		};
		AF99CDDB27CFA46A00526A01 /* CommonViews */ = {
			isa = PBXGroup;
			children = (
				AF99CDDC27CFA4B500526A01 /* ImageLabelTableViewCell.swift */,
			);
			path = CommonViews;
			sourceTree = "<group>";
		};
		AF99CDE627CFDA5900526A01 /* Views */ = {
			isa = PBXGroup;
			children = (
				AF99CDE427CFCF1600526A01 /* PhotosCollectionViewCell.swift */,
			);
			path = Views;
			sourceTree = "<group>";
		};
		AF99CDE727CFDA6E00526A01 /* Views */ = {
			isa = PBXGroup;
			children = (
			);
			path = Views;
			sourceTree = "<group>";
		};
		AF99CDE827CFDA9600526A01 /* Views */ = {
			isa = PBXGroup;
			children = (
				AF98348D27C8F16D004C15C6 /* FriendsTableViewCell.swift */,
			);
			path = Views;
			sourceTree = "<group>";
		};
		AF99CDE927CFDAB700526A01 /* Views */ = {
			isa = PBXGroup;
			children = (
				AF99CDDE27CFA5E500526A01 /* GroupsTableViewCell.swift */,
			);
			path = Views;
			sourceTree = "<group>";
		};
		AF99CDEA27CFDADF00526A01 /* Views */ = {
			isa = PBXGroup;
			children = (
				AF99CDE027CFBF1900526A01 /* AllGroupsTableViewCell.swift */,
			);
			path = Views;
			sourceTree = "<group>";
		};
		AFE7FAE727B52013001D4169 /* Newsfeed */ = {
			isa = PBXGroup;
			children = (
				AFE7FAE827B5203A001D4169 /* NewsfeedController.swift */,
				AFE7FAEA27B520A0001D4169 /* NewsfeedCell.swift */,
				AFA3BBFA27BBD33000EDF6E1 /* NewsfeedCodeCell.swift */,
			);
			path = Newsfeed;
			sourceTree = "<group>";
		};
		B8442AB183F5FF37AEA2EA72 /* Module */ = {
			isa = PBXGroup;
			children = (
				260210859E8A2E997A8D1DD4 /* GroupsModuleModule.swift */,
			);
			path = Module;
			sourceTree = "<group>";
		};
		BE5C96AB9D37EF1BBDC19319 /* Presenter */ = {
			isa = PBXGroup;
			children = (
				4AD06F7BD639B84E191D11EE /* AllGroupsModulePresenter.swift */,
			);
			path = Presenter;
			sourceTree = "<group>";
		};
		BF0AFD0B58EC00B572C7003C /* Interactor */ = {
			isa = PBXGroup;
			children = (
				498784906F786BFC5C084476 /* GroupsModuleInteractorInput.swift */,
				B22BED1E6A5322189501342A /* GroupsModuleInteractorOutput.swift */,
				3046DFF59CAFFAB143B46D4E /* GroupsModuleInteractor.swift */,
			);
			path = Interactor;
			sourceTree = "<group>";
		};
		C28F43A235A78D8B0988A0AD /* Interactor */ = {
			isa = PBXGroup;
			children = (
				94C609CBF9BC3374DFB4A237 /* TabBarModuleInteractor.swift */,
			);
			path = Interactor;
			sourceTree = "<group>";
		};
		CF7E50FE6209AF7F31E61B24 /* Interactor */ = {
			isa = PBXGroup;
			children = (
				2358EC303E7264662136DD1A /* AllGroupsModuleInteractorInput.swift */,
				248B007D9DCB6C4C8C5897ED /* AllGroupsModuleInteractorOutput.swift */,
				A3CE1EDED68A3EC608D22030 /* AllGroupsModuleInteractor.swift */,
			);
			path = Interactor;
			sourceTree = "<group>";
		};
		D77EAF075543EB278634130C /* View */ = {
			isa = PBXGroup;
			children = (
				AF99CDE727CFDA6E00526A01 /* Views */,
				AF99CDD927CE131000526A01 /* TabBarModuleViewInput.swift */,
				DC96E9EB069767476150DC01 /* TabBarModuleViewController.swift */,
				02F69DCECF83FAB59C5F68FF /* TabBarModule.storyboard */,
			);
			path = View;
			sourceTree = "<group>";
		};
		E6273238DD745E7B5E77BDCB /* Router */ = {
			isa = PBXGroup;
			children = (
				7DA64F467B1747609626B8D3 /* TabBarModuleRouter.swift */,
			);
			path = Router;
			sourceTree = "<group>";
		};
		F0B8B8E9096478817910B34C /* View */ = {
			isa = PBXGroup;
			children = (
				AF99CDE627CFDA5900526A01 /* Views */,
				CA688DC088AFA5F3CA642AB6 /* FriendPhotosModuleViewInput.swift */,
				6C7C253B2AF6D49F1936E66A /* FriendPhotosModuleViewOutput.swift */,
				AF451B74B27583D79C413969 /* FriendPhotosModuleViewController.swift */,
			);
			path = View;
			sourceTree = "<group>";
		};
		F81CEE25B30F492EB7374382 /* AllGroupsModule */ = {
			isa = PBXGroup;
			children = (
				9F5F7EE278D563331882F975 /* View */,
				BE5C96AB9D37EF1BBDC19319 /* Presenter */,
				CF7E50FE6209AF7F31E61B24 /* Interactor */,
				8CB33CDC473313E820E79CCA /* Router */,
				73A655A34CEB8017E9CB402F /* Module */,
			);
			path = AllGroupsModule;
			sourceTree = "<group>";
		};
		FFCB779DD8CD6677BCDECBB4 /* View */ = {
			isa = PBXGroup;
			children = (
				AF99CDE927CFDAB700526A01 /* Views */,
				396AF163C1552412E7D9FD23 /* GroupsModuleViewInput.swift */,
				C1595377F82393FEE783DC45 /* GroupsModuleViewOutput.swift */,
				5E7C1B29933837EAD69F3D31 /* GroupsModuleViewController.swift */,
			);
			path = View;
			sourceTree = "<group>";
		};
/* End PBXGroup section */

/* Begin PBXNativeTarget section */
		AF21BD9E27A8126500534A7D /* MyVK */ = {
			isa = PBXNativeTarget;
			buildConfigurationList = AF21BDB327A8126800534A7D /* Build configuration list for PBXNativeTarget "MyVK" */;
			buildPhases = (
				143AE313C523536A062C816F /* [CP] Check Pods Manifest.lock */,
				AF21BD9B27A8126500534A7D /* Sources */,
				AF21BD9C27A8126500534A7D /* Frameworks */,
				AF21BD9D27A8126500534A7D /* Resources */,
				57B5CA0C9BBEFD7C0277D8C8 /* [CP] Embed Pods Frameworks */,
			);
			buildRules = (
			);
			dependencies = (
			);
			name = MyVK;
			productName = WeatherApp;
			productReference = AF21BD9F27A8126500534A7D /* MyVK.app */;
			productType = "com.apple.product-type.application";
		};
/* End PBXNativeTarget section */

/* Begin PBXProject section */
		AF21BD9727A8126500534A7D /* Project object */ = {
			isa = PBXProject;
			attributes = {
				BuildIndependentTargetsInParallel = 1;
				LastSwiftUpdateCheck = 1320;
				LastUpgradeCheck = 1320;
				TargetAttributes = {
					AF21BD9E27A8126500534A7D = {
						CreatedOnToolsVersion = 13.2.1;
					};
				};
			};
			buildConfigurationList = AF21BD9A27A8126500534A7D /* Build configuration list for PBXProject "MyVK" */;
			compatibilityVersion = "Xcode 13.0";
			developmentRegion = en;
			hasScannedForEncodings = 0;
			knownRegions = (
				en,
				Base,
			);
			mainGroup = AF21BD9627A8126500534A7D;
			productRefGroup = AF21BDA027A8126500534A7D /* Products */;
			projectDirPath = "";
			projectRoot = "";
			targets = (
				AF21BD9E27A8126500534A7D /* MyVK */,
			);
		};
/* End PBXProject section */

/* Begin PBXResourcesBuildPhase section */
		AF21BD9D27A8126500534A7D /* Resources */ = {
			isa = PBXResourcesBuildPhase;
			buildActionMask = 2147483647;
			files = (
				AF21BDAF27A8126800534A7D /* LaunchScreen.storyboard in Resources */,
				AFA94F1D27BA7C080034D133 /* GoogleService-Info.plist in Resources */,
				AF21BDAC27A8126800534A7D /* Assets.xcassets in Resources */,
				AF21BDAA27A8126500534A7D /* Main.storyboard in Resources */,
				55162874DC4C2F0BF3C4669F /* TabBarModule.storyboard in Resources */,
			);
			runOnlyForDeploymentPostprocessing = 0;
		};
/* End PBXResourcesBuildPhase section */

/* Begin PBXShellScriptBuildPhase section */
		143AE313C523536A062C816F /* [CP] Check Pods Manifest.lock */ = {
			isa = PBXShellScriptBuildPhase;
			buildActionMask = 2147483647;
			files = (
			);
			inputFileListPaths = (
			);
			inputPaths = (
				"${PODS_PODFILE_DIR_PATH}/Podfile.lock",
				"${PODS_ROOT}/Manifest.lock",
			);
			name = "[CP] Check Pods Manifest.lock";
			outputFileListPaths = (
			);
			outputPaths = (
				"$(DERIVED_FILE_DIR)/Pods-MyVK-checkManifestLockResult.txt",
			);
			runOnlyForDeploymentPostprocessing = 0;
			shellPath = /bin/sh;
			shellScript = "diff \"${PODS_PODFILE_DIR_PATH}/Podfile.lock\" \"${PODS_ROOT}/Manifest.lock\" > /dev/null\nif [ $? != 0 ] ; then\n    # print error to STDERR\n    echo \"error: The sandbox is not in sync with the Podfile.lock. Run 'pod install' or update your CocoaPods installation.\" >&2\n    exit 1\nfi\n# This output is used by Xcode 'outputs' to avoid re-running this script phase.\necho \"SUCCESS\" > \"${SCRIPT_OUTPUT_FILE_0}\"\n";
			showEnvVarsInLog = 0;
		};
		57B5CA0C9BBEFD7C0277D8C8 /* [CP] Embed Pods Frameworks */ = {
			isa = PBXShellScriptBuildPhase;
			buildActionMask = 2147483647;
			files = (
			);
			inputFileListPaths = (
				"${PODS_ROOT}/Target Support Files/Pods-MyVK/Pods-MyVK-frameworks-${CONFIGURATION}-input-files.xcfilelist",
			);
			name = "[CP] Embed Pods Frameworks";
			outputFileListPaths = (
				"${PODS_ROOT}/Target Support Files/Pods-MyVK/Pods-MyVK-frameworks-${CONFIGURATION}-output-files.xcfilelist",
			);
			runOnlyForDeploymentPostprocessing = 0;
			shellPath = /bin/sh;
			shellScript = "\"${PODS_ROOT}/Target Support Files/Pods-MyVK/Pods-MyVK-frameworks.sh\"\n";
			showEnvVarsInLog = 0;
		};
/* End PBXShellScriptBuildPhase section */

/* Begin PBXSourcesBuildPhase section */
		AF21BD9B27A8126500534A7D /* Sources */ = {
			isa = PBXSourcesBuildPhase;
			buildActionMask = 2147483647;
			files = (
				AF8B5B2F27ABBF7D0004D387 /* Photo.swift in Sources */,
				AFE7FAEB27B520A0001D4169 /* NewsfeedCell.swift in Sources */,
				AF8B5B2D27ABBF720004D387 /* User.swift in Sources */,
				AF3E5B6227A9654C0077DFBE /* FriendPhotosCell.swift in Sources */,
				AF8B5B3127ABBF9A0004D387 /* Group.swift in Sources */,
				AF21BDB727A8129800534A7D /* LoginFormController.swift in Sources */,
				AF399D4227BD07AF0007C33C /* APIManager.swift in Sources */,
				AF3E5B5427A95D830077DFBE /* FriendsController.swift in Sources */,
				AFC4F11727B3F0AA0064B1B4 /* CachedImageView.swift in Sources */,
				AF3E5B5827A964CC0077DFBE /* UserGroupsController.swift in Sources */,
				AF99CDDF27CFA5E500526A01 /* GroupsTableViewCell.swift in Sources */,
				AF21BDA327A8126500534A7D /* AppDelegate.swift in Sources */,
				AF21BDA527A8126500534A7D /* SceneDelegate.swift in Sources */,
				AFE7FAE927B5203A001D4169 /* NewsfeedController.swift in Sources */,
				AF3E5B5627A95DA80077DFBE /* FriendCell.swift in Sources */,
				AF3E5B6027A965340077DFBE /* FriendPhotosController.swift in Sources */,
				AF8CCEA427AA74C3004F631E /* VKService.swift in Sources */,
				AF99CDE527CFCF1600526A01 /* PhotosCollectionViewCell.swift in Sources */,
				AF3E5B5E27A9651A0077DFBE /* AllGroupsController.swift in Sources */,
				AF3E5B5A27A964EC0077DFBE /* UserGroupCell.swift in Sources */,
				AF99CDDA27CE131000526A01 /* TabBarModuleViewInput.swift in Sources */,
				AFA3BBFB27BBD33000EDF6E1 /* NewsfeedCodeCell.swift in Sources */,
				AFE7FAE627B519C3001D4169 /* News.swift in Sources */,
				AF3E5B5C27A965080077DFBE /* AllGroupsCell.swift in Sources */,
				0AFFF940BD4AEBDDF43DE55D /* FriendsModuleViewInput.swift in Sources */,
				0AA6BCD0503511DEF2BA04DE /* FriendsModuleViewOutput.swift in Sources */,
				AF98348E27C8F16D004C15C6 /* FriendsTableViewCell.swift in Sources */,
				7B4F2A8863829181596E62CC /* FriendsModuleViewController.swift in Sources */,
				108D7B707DEF7677C00015D6 /* FriendsModulePresenter.swift in Sources */,
				EC4176945F0D538013DAB8A4 /* FriendsModuleInteractorInput.swift in Sources */,
				293477409C3CA4B15E4204F9 /* FriendsModuleInteractorOutput.swift in Sources */,
				6D8D2144F001CB22C0B53B9B /* FriendsModuleInteractor.swift in Sources */,
				46809A4281E91616E637BEC0 /* FriendsModuleRouterInput.swift in Sources */,
				1A70A426008EA40242C2AB1F /* FriendsModuleRouter.swift in Sources */,
				E6CA5972A137D09F7FAD84A2 /* FriendsModuleModuleInput.swift in Sources */,
				19115165C4346B3CB66DC545 /* FriendsModuleModule.swift in Sources */,
				C570819F1142BA90487DB7E2 /* TabBarModuleViewController.swift in Sources */,
				045FE28B79595B0BC913EA24 /* TabBarModulePresenter.swift in Sources */,
				63D064E1060348E54AE4153F /* TabBarModuleInteractor.swift in Sources */,
				BAD3F619818C938C0DDA2432 /* TabBarModuleRouter.swift in Sources */,
				1473B9A69A6282A2CA4C74BA /* TabBarModuleModuleInput.swift in Sources */,
				756B21991702A47A523382AD /* TabBarModuleModule.swift in Sources */,
				F9B57F71375A1B293AEF763C /* GroupsModuleViewInput.swift in Sources */,
				D3929A4BCDBE3FE847843B53 /* GroupsModuleViewOutput.swift in Sources */,
				B5D7691DA4F1032BA4765D4A /* GroupsModuleViewController.swift in Sources */,
				46FEA4436DE9A382EB1B49C2 /* GroupsModulePresenter.swift in Sources */,
				507C884BF83FA2ECCB91251E /* GroupsModuleInteractorInput.swift in Sources */,
				3306C368357D49CB4119A9D3 /* GroupsModuleInteractorOutput.swift in Sources */,
				2220A062726B8CD1D6BA3CF9 /* GroupsModuleInteractor.swift in Sources */,
				00C9009C7453FC85E94BF1C7 /* GroupsModuleRouter.swift in Sources */,
				B15E02527BF5DBCC2A85CA67 /* GroupsModuleModule.swift in Sources */,
				671BB716510B9C82383493EE /* AllGroupsModuleViewInput.swift in Sources */,
				77E8A91D590AB82D424EDBD5 /* AllGroupsModuleViewOutput.swift in Sources */,
				0C2E175B4F0BA910E1AAEAF6 /* AllGroupsModuleViewController.swift in Sources */,
				AF99CDDD27CFA4B500526A01 /* ImageLabelTableViewCell.swift in Sources */,
				9651083AD67096909891C6B5 /* AllGroupsModulePresenter.swift in Sources */,
				4637CC85566CF6E14CA0753B /* AllGroupsModuleInteractorInput.swift in Sources */,
				9649FBD0C5B4E183C88D24D1 /* AllGroupsModuleInteractorOutput.swift in Sources */,
				4A01C71F0919248AF6F6E61C /* AllGroupsModuleInteractor.swift in Sources */,
				3B99484DD4B4B7FF3004D311 /* AllGroupsModuleRouterInput.swift in Sources */,
				4EFA13B3E505B342533BD3B2 /* AllGroupsModuleRouter.swift in Sources */,
				01544459E0EBC0830D21E947 /* AllGroupsModuleModuleInput.swift in Sources */,
				BA2DAB06D96C811FF6720212 /* AllGroupsModuleModuleOutput.swift in Sources */,
				9E9855D0FA72F4A984824C05 /* AllGroupsModuleModule.swift in Sources */,
				494C5FBB3735CFFC316D1628 /* FriendPhotosModuleViewInput.swift in Sources */,
				AF99CDE327CFC51A00526A01 /* GroupsModuleRouterInput.swift in Sources */,
				0BF62D67C28C4D9F8A5A257F /* FriendPhotosModuleViewOutput.swift in Sources */,
				4A4A4D4714ED41B3A6943B42 /* FriendPhotosModuleViewController.swift in Sources */,
				A0C31D4990408A8E81DDFD95 /* FriendPhotosModulePresenter.swift in Sources */,
				7C3FA6D1832789D009BD71B7 /* FriendPhotosModuleInteractorInput.swift in Sources */,
				94CFFF077357B0C9F59B11CA /* FriendPhotosModuleInteractorOutput.swift in Sources */,
				AEDA676C771A5903C511F425 /* FriendPhotosModuleInteractor.swift in Sources */,
				F032D347DEC86962CCE60B84 /* FriendPhotosModuleRouterInput.swift in Sources */,
				AF99CDE127CFBF1900526A01 /* AllGroupsTableViewCell.swift in Sources */,
				A2FE4DC700A55E6E824B9C86 /* FriendPhotosModuleRouter.swift in Sources */,
				7B22DE8CAE48E37021711C2E /* FriendPhotosModuleModuleInput.swift in Sources */,
				FBEF9D0E06B1265A9D83DD68 /* FriendPhotosModuleModule.swift in Sources */,
			);
			runOnlyForDeploymentPostprocessing = 0;
		};
/* End PBXSourcesBuildPhase section */

/* Begin PBXVariantGroup section */
		AF21BDA827A8126500534A7D /* Main.storyboard */ = {
			isa = PBXVariantGroup;
			children = (
				AF21BDA927A8126500534A7D /* Base */,
			);
			name = Main.storyboard;
			sourceTree = "<group>";
		};
		AF21BDAD27A8126800534A7D /* LaunchScreen.storyboard */ = {
			isa = PBXVariantGroup;
			children = (
				AF21BDAE27A8126800534A7D /* Base */,
			);
			name = LaunchScreen.storyboard;
			sourceTree = "<group>";
		};
/* End PBXVariantGroup section */

/* Begin XCBuildConfiguration section */
		AF21BDB127A8126800534A7D /* Debug */ = {
			isa = XCBuildConfiguration;
			buildSettings = {
				ALWAYS_SEARCH_USER_PATHS = NO;
				CLANG_ANALYZER_NONNULL = YES;
				CLANG_ANALYZER_NUMBER_OBJECT_CONVERSION = YES_AGGRESSIVE;
				CLANG_CXX_LANGUAGE_STANDARD = "gnu++17";
				CLANG_CXX_LIBRARY = "libc++";
				CLANG_ENABLE_MODULES = YES;
				CLANG_ENABLE_OBJC_ARC = YES;
				CLANG_ENABLE_OBJC_WEAK = YES;
				CLANG_WARN_BLOCK_CAPTURE_AUTORELEASING = YES;
				CLANG_WARN_BOOL_CONVERSION = YES;
				CLANG_WARN_COMMA = YES;
				CLANG_WARN_CONSTANT_CONVERSION = YES;
				CLANG_WARN_DEPRECATED_OBJC_IMPLEMENTATIONS = YES;
				CLANG_WARN_DIRECT_OBJC_ISA_USAGE = YES_ERROR;
				CLANG_WARN_DOCUMENTATION_COMMENTS = YES;
				CLANG_WARN_EMPTY_BODY = YES;
				CLANG_WARN_ENUM_CONVERSION = YES;
				CLANG_WARN_INFINITE_RECURSION = YES;
				CLANG_WARN_INT_CONVERSION = YES;
				CLANG_WARN_NON_LITERAL_NULL_CONVERSION = YES;
				CLANG_WARN_OBJC_IMPLICIT_RETAIN_SELF = YES;
				CLANG_WARN_OBJC_LITERAL_CONVERSION = YES;
				CLANG_WARN_OBJC_ROOT_CLASS = YES_ERROR;
				CLANG_WARN_QUOTED_INCLUDE_IN_FRAMEWORK_HEADER = YES;
				CLANG_WARN_RANGE_LOOP_ANALYSIS = YES;
				CLANG_WARN_STRICT_PROTOTYPES = YES;
				CLANG_WARN_SUSPICIOUS_MOVE = YES;
				CLANG_WARN_UNGUARDED_AVAILABILITY = YES_AGGRESSIVE;
				CLANG_WARN_UNREACHABLE_CODE = YES;
				CLANG_WARN__DUPLICATE_METHOD_MATCH = YES;
				COPY_PHASE_STRIP = NO;
				DEBUG_INFORMATION_FORMAT = dwarf;
				ENABLE_STRICT_OBJC_MSGSEND = YES;
				ENABLE_TESTABILITY = YES;
				GCC_C_LANGUAGE_STANDARD = gnu11;
				GCC_DYNAMIC_NO_PIC = NO;
				GCC_NO_COMMON_BLOCKS = YES;
				GCC_OPTIMIZATION_LEVEL = 0;
				GCC_PREPROCESSOR_DEFINITIONS = (
					"DEBUG=1",
					"$(inherited)",
				);
				GCC_WARN_64_TO_32_BIT_CONVERSION = YES;
				GCC_WARN_ABOUT_RETURN_TYPE = YES_ERROR;
				GCC_WARN_UNDECLARED_SELECTOR = YES;
				GCC_WARN_UNINITIALIZED_AUTOS = YES_AGGRESSIVE;
				GCC_WARN_UNUSED_FUNCTION = YES;
				GCC_WARN_UNUSED_VARIABLE = YES;
				IPHONEOS_DEPLOYMENT_TARGET = 15.2;
				MTL_ENABLE_DEBUG_INFO = INCLUDE_SOURCE;
				MTL_FAST_MATH = YES;
				ONLY_ACTIVE_ARCH = YES;
				SDKROOT = iphoneos;
				SWIFT_ACTIVE_COMPILATION_CONDITIONS = DEBUG;
				SWIFT_OPTIMIZATION_LEVEL = "-Onone";
			};
			name = Debug;
		};
		AF21BDB227A8126800534A7D /* Release */ = {
			isa = XCBuildConfiguration;
			buildSettings = {
				ALWAYS_SEARCH_USER_PATHS = NO;
				CLANG_ANALYZER_NONNULL = YES;
				CLANG_ANALYZER_NUMBER_OBJECT_CONVERSION = YES_AGGRESSIVE;
				CLANG_CXX_LANGUAGE_STANDARD = "gnu++17";
				CLANG_CXX_LIBRARY = "libc++";
				CLANG_ENABLE_MODULES = YES;
				CLANG_ENABLE_OBJC_ARC = YES;
				CLANG_ENABLE_OBJC_WEAK = YES;
				CLANG_WARN_BLOCK_CAPTURE_AUTORELEASING = YES;
				CLANG_WARN_BOOL_CONVERSION = YES;
				CLANG_WARN_COMMA = YES;
				CLANG_WARN_CONSTANT_CONVERSION = YES;
				CLANG_WARN_DEPRECATED_OBJC_IMPLEMENTATIONS = YES;
				CLANG_WARN_DIRECT_OBJC_ISA_USAGE = YES_ERROR;
				CLANG_WARN_DOCUMENTATION_COMMENTS = YES;
				CLANG_WARN_EMPTY_BODY = YES;
				CLANG_WARN_ENUM_CONVERSION = YES;
				CLANG_WARN_INFINITE_RECURSION = YES;
				CLANG_WARN_INT_CONVERSION = YES;
				CLANG_WARN_NON_LITERAL_NULL_CONVERSION = YES;
				CLANG_WARN_OBJC_IMPLICIT_RETAIN_SELF = YES;
				CLANG_WARN_OBJC_LITERAL_CONVERSION = YES;
				CLANG_WARN_OBJC_ROOT_CLASS = YES_ERROR;
				CLANG_WARN_QUOTED_INCLUDE_IN_FRAMEWORK_HEADER = YES;
				CLANG_WARN_RANGE_LOOP_ANALYSIS = YES;
				CLANG_WARN_STRICT_PROTOTYPES = YES;
				CLANG_WARN_SUSPICIOUS_MOVE = YES;
				CLANG_WARN_UNGUARDED_AVAILABILITY = YES_AGGRESSIVE;
				CLANG_WARN_UNREACHABLE_CODE = YES;
				CLANG_WARN__DUPLICATE_METHOD_MATCH = YES;
				COPY_PHASE_STRIP = NO;
				DEBUG_INFORMATION_FORMAT = "dwarf-with-dsym";
				ENABLE_NS_ASSERTIONS = NO;
				ENABLE_STRICT_OBJC_MSGSEND = YES;
				GCC_C_LANGUAGE_STANDARD = gnu11;
				GCC_NO_COMMON_BLOCKS = YES;
				GCC_WARN_64_TO_32_BIT_CONVERSION = YES;
				GCC_WARN_ABOUT_RETURN_TYPE = YES_ERROR;
				GCC_WARN_UNDECLARED_SELECTOR = YES;
				GCC_WARN_UNINITIALIZED_AUTOS = YES_AGGRESSIVE;
				GCC_WARN_UNUSED_FUNCTION = YES;
				GCC_WARN_UNUSED_VARIABLE = YES;
				IPHONEOS_DEPLOYMENT_TARGET = 15.2;
				MTL_ENABLE_DEBUG_INFO = NO;
				MTL_FAST_MATH = YES;
				SDKROOT = iphoneos;
				SWIFT_COMPILATION_MODE = wholemodule;
				SWIFT_OPTIMIZATION_LEVEL = "-O";
				VALIDATE_PRODUCT = YES;
			};
			name = Release;
		};
		AF21BDB427A8126800534A7D /* Debug */ = {
			isa = XCBuildConfiguration;
			baseConfigurationReference = 22152619D46EAEE3E57439B7 /* Pods-MyVK.debug.xcconfig */;
			buildSettings = {
				ASSETCATALOG_COMPILER_APPICON_NAME = AppIcon;
				ASSETCATALOG_COMPILER_GLOBAL_ACCENT_COLOR_NAME = AccentColor;
				CODE_SIGN_STYLE = Automatic;
				CURRENT_PROJECT_VERSION = 1;
				DEVELOPMENT_TEAM = K5BL59AE35;
				GENERATE_INFOPLIST_FILE = YES;
				INFOPLIST_FILE = MyVK/Info.plist;
				INFOPLIST_KEY_CFBundleDisplayName = MyVK;
				INFOPLIST_KEY_UIApplicationSupportsIndirectInputEvents = YES;
				INFOPLIST_KEY_UILaunchStoryboardName = LaunchScreen;
				INFOPLIST_KEY_UIMainStoryboardFile = Main;
				INFOPLIST_KEY_UISupportedInterfaceOrientations_iPad = "UIInterfaceOrientationPortrait UIInterfaceOrientationPortraitUpsideDown UIInterfaceOrientationLandscapeLeft UIInterfaceOrientationLandscapeRight";
				INFOPLIST_KEY_UISupportedInterfaceOrientations_iPhone = "UIInterfaceOrientationPortrait UIInterfaceOrientationLandscapeLeft UIInterfaceOrientationLandscapeRight";
				LD_RUNPATH_SEARCH_PATHS = (
					"$(inherited)",
					"@executable_path/Frameworks",
				);
				MARKETING_VERSION = 1.0;
				PRODUCT_BUNDLE_IDENTIFIER = MVM.MyVK;
				PRODUCT_NAME = "$(TARGET_NAME)";
				SWIFT_EMIT_LOC_STRINGS = YES;
				SWIFT_VERSION = 5.0;
				TARGETED_DEVICE_FAMILY = "1,2";
			};
			name = Debug;
		};
		AF21BDB527A8126800534A7D /* Release */ = {
			isa = XCBuildConfiguration;
			baseConfigurationReference = 935E5FDCFE82B65D7985F7FD /* Pods-MyVK.release.xcconfig */;
			buildSettings = {
				ASSETCATALOG_COMPILER_APPICON_NAME = AppIcon;
				ASSETCATALOG_COMPILER_GLOBAL_ACCENT_COLOR_NAME = AccentColor;
				CODE_SIGN_STYLE = Automatic;
				CURRENT_PROJECT_VERSION = 1;
				DEVELOPMENT_TEAM = K5BL59AE35;
				GENERATE_INFOPLIST_FILE = YES;
				INFOPLIST_FILE = MyVK/Info.plist;
				INFOPLIST_KEY_CFBundleDisplayName = MyVK;
				INFOPLIST_KEY_UIApplicationSupportsIndirectInputEvents = YES;
				INFOPLIST_KEY_UILaunchStoryboardName = LaunchScreen;
				INFOPLIST_KEY_UIMainStoryboardFile = Main;
				INFOPLIST_KEY_UISupportedInterfaceOrientations_iPad = "UIInterfaceOrientationPortrait UIInterfaceOrientationPortraitUpsideDown UIInterfaceOrientationLandscapeLeft UIInterfaceOrientationLandscapeRight";
				INFOPLIST_KEY_UISupportedInterfaceOrientations_iPhone = "UIInterfaceOrientationPortrait UIInterfaceOrientationLandscapeLeft UIInterfaceOrientationLandscapeRight";
				LD_RUNPATH_SEARCH_PATHS = (
					"$(inherited)",
					"@executable_path/Frameworks",
				);
				MARKETING_VERSION = 1.0;
				PRODUCT_BUNDLE_IDENTIFIER = MVM.MyVK;
				PRODUCT_NAME = "$(TARGET_NAME)";
				SWIFT_EMIT_LOC_STRINGS = YES;
				SWIFT_VERSION = 5.0;
				TARGETED_DEVICE_FAMILY = "1,2";
			};
			name = Release;
		};
/* End XCBuildConfiguration section */

/* Begin XCConfigurationList section */
		AF21BD9A27A8126500534A7D /* Build configuration list for PBXProject "MyVK" */ = {
			isa = XCConfigurationList;
			buildConfigurations = (
				AF21BDB127A8126800534A7D /* Debug */,
				AF21BDB227A8126800534A7D /* Release */,
			);
			defaultConfigurationIsVisible = 0;
			defaultConfigurationName = Release;
		};
		AF21BDB327A8126800534A7D /* Build configuration list for PBXNativeTarget "MyVK" */ = {
			isa = XCConfigurationList;
			buildConfigurations = (
				AF21BDB427A8126800534A7D /* Debug */,
				AF21BDB527A8126800534A7D /* Release */,
			);
			defaultConfigurationIsVisible = 0;
			defaultConfigurationName = Release;
		};
/* End XCConfigurationList section */
	};
	rootObject = AF21BD9727A8126500534A7D /* Project object */;
}
